
Microsoft Visual Studio Solution File, Format Version 12.00
# Visual Studio Version 16
VisualStudioVersion = 16.0.31702.278
MinimumVisualStudioVersion = 10.0.40219.1
Project("{9A19103F-16F7-4668-BE54-9A1E7A4F7556}") = "BF2042.Scripting", "BF2042.Scripting\BF2042.Scripting.csproj", "{46C25356-AE44-48FA-9BD6-2187070480C6}"
EndProject
Project("{9A19103F-16F7-4668-BE54-9A1E7A4F7556}") = "BF2042.Script", "BF2042.Script\BF2042.Script.csproj", "{626BF6DE-525A-4FE9-8278-9D0766B9AD7D}"
EndProject
Global
	GlobalSection(SolutionConfigurationPlatforms) = preSolution
		Debug|Any CPU = Debug|Any CPU
		Release|Any CPU = Release|Any CPU
	EndGlobalSection
	GlobalSection(ProjectConfigurationPlatforms) = postSolution
		{46C25356-AE44-48FA-9BD6-2187070480C6}.Debug|Any CPU.ActiveCfg = Debug|Any CPU
		{46C25356-AE44-48FA-9BD6-2187070480C6}.Debug|Any CPU.Build.0 = Debug|Any CPU
		{46C25356-AE44-48FA-9BD6-2187070480C6}.Release|Any CPU.ActiveCfg = Release|Any CPU
		{46C25356-AE44-48FA-9BD6-2187070480C6}.Release|Any CPU.Build.0 = Release|Any CPU
		{626BF6DE-525A-4FE9-8278-9D0766B9AD7D}.Debug|Any CPU.ActiveCfg = Debug|Any CPU
		{626BF6DE-525A-4FE9-8278-9D0766B9AD7D}.Debug|Any CPU.Build.0 = Debug|Any CPU
		{626BF6DE-525A-4FE9-8278-9D0766B9AD7D}.Release|Any CPU.ActiveCfg = Release|Any CPU
		{626BF6DE-525A-4FE9-8278-9D0766B9AD7D}.Release|Any CPU.Build.0 = Release|Any CPU
	EndGlobalSection
	GlobalSection(SolutionProperties) = preSolution
		HideSolutionNode = FALSE
	EndGlobalSection
	GlobalSection(ExtensibilityGlobals) = postSolution
		SolutionGuid = {6E63ADE1-63A7-4DC5-BE36-4EE815DE2D31}
	EndGlobalSection
EndGlobal
